
Microsoft Visual Studio Solution File, Format Version 12.00
# Visual Studio Version 17
VisualStudioVersion = 17.6.33723.286
MinimumVisualStudioVersion = 10.0.40219.1
Project("{9A19103F-16F7-4668-BE54-9A1E7A4F7556}") = "PRN assignment", "PRN assignment.csproj", "{38439C84-743C-4346-AAC2-E93F193BFE80}"
EndProject
Project("{9A19103F-16F7-4668-BE54-9A1E7A4F7556}") = "data", "..\data\data.csproj", "{2A55F3D6-17DD-430D-941D-124C7BC28B56}"
EndProject
Global
	GlobalSection(SolutionConfigurationPlatforms) = preSolution
		Debug|Any CPU = Debug|Any CPU
		Release|Any CPU = Release|Any CPU
	EndGlobalSection
	GlobalSection(ProjectConfigurationPlatforms) = postSolution
		{38439C84-743C-4346-AAC2-E93F193BFE80}.Debug|Any CPU.ActiveCfg = Debug|Any CPU
		{38439C84-743C-4346-AAC2-E93F193BFE80}.Debug|Any CPU.Build.0 = Debug|Any CPU
		{38439C84-743C-4346-AAC2-E93F193BFE80}.Release|Any CPU.ActiveCfg = Release|Any CPU
		{38439C84-743C-4346-AAC2-E93F193BFE80}.Release|Any CPU.Build.0 = Release|Any CPU
		{2A55F3D6-17DD-430D-941D-124C7BC28B56}.Debug|Any CPU.ActiveCfg = Debug|Any CPU
		{2A55F3D6-17DD-430D-941D-124C7BC28B56}.Debug|Any CPU.Build.0 = Debug|Any CPU
		{2A55F3D6-17DD-430D-941D-124C7BC28B56}.Release|Any CPU.ActiveCfg = Release|Any CPU
		{2A55F3D6-17DD-430D-941D-124C7BC28B56}.Release|Any CPU.Build.0 = Release|Any CPU
	EndGlobalSection
	GlobalSection(SolutionProperties) = preSolution
		HideSolutionNode = FALSE
	EndGlobalSection
	GlobalSection(ExtensibilityGlobals) = postSolution
		SolutionGuid = {79E82B80-8D76-419B-93AE-153992147A02}
	EndGlobalSection
EndGlobal
